// !$*UTF8*$!
{
	archiveVersion = 1;
	classes = {
	};
	objectVersion = 46;
	objects = {

/* Begin PBXBuildFile section */
		C8DBAF641E603328002B88F3 /* AppDelegate.swift in Sources */ = {isa = PBXBuildFile; fileRef = C8DBAF631E603328002B88F3 /* AppDelegate.swift */; };
		C8DBAF661E603328002B88F3 /* ViewController.swift in Sources */ = {isa = PBXBuildFile; fileRef = C8DBAF651E603328002B88F3 /* ViewController.swift */; };
		C8DBAF691E603328002B88F3 /* Main.storyboard in Resources */ = {isa = PBXBuildFile; fileRef = C8DBAF671E603328002B88F3 /* Main.storyboard */; };
		C8DBAF6B1E603328002B88F3 /* Assets.xcassets in Resources */ = {isa = PBXBuildFile; fileRef = C8DBAF6A1E603328002B88F3 /* Assets.xcassets */; };
		C8DBAF6E1E603328002B88F3 /* LaunchScreen.storyboard in Resources */ = {isa = PBXBuildFile; fileRef = C8DBAF6C1E603328002B88F3 /* LaunchScreen.storyboard */; };
		C8DBAF791E603328002B88F3 /* ImageFilterTests.swift in Sources */ = {isa = PBXBuildFile; fileRef = C8DBAF781E603328002B88F3 /* ImageFilterTests.swift */; };
/* End PBXBuildFile section */

/* Begin PBXContainerItemProxy section */
		C8DBAF751E603328002B88F3 /* PBXContainerItemProxy */ = {
			isa = PBXContainerItemProxy;
			containerPortal = C8DBAF581E603328002B88F3 /* Project object */;
			proxyType = 1;
			remoteGlobalIDString = C8DBAF5F1E603328002B88F3;
			remoteInfo = ImageFilter;
		};
/* End PBXContainerItemProxy section */

/* Begin PBXFileReference section */
		C8DBAF601E603328002B88F3 /* ImageFilter.app */ = {isa = PBXFileReference; explicitFileType = wrapper.application; includeInIndex = 0; path = ImageFilter.app; sourceTree = BUILT_PRODUCTS_DIR; };
		C8DBAF631E603328002B88F3 /* AppDelegate.swift */ = {isa = PBXFileReference; lastKnownFileType = sourcecode.swift; path = AppDelegate.swift; sourceTree = "<group>"; };
		C8DBAF651E603328002B88F3 /* ViewController.swift */ = {isa = PBXFileReference; lastKnownFileType = sourcecode.swift; path = ViewController.swift; sourceTree = "<group>"; };
		C8DBAF681E603328002B88F3 /* Base */ = {isa = PBXFileReference; lastKnownFileType = file.storyboard; name = Base; path = Base.lproj/Main.storyboard; sourceTree = "<group>"; };
		C8DBAF6A1E603328002B88F3 /* Assets.xcassets */ = {isa = PBXFileReference; lastKnownFileType = folder.assetcatalog; path = Assets.xcassets; sourceTree = "<group>"; };
		C8DBAF6D1E603328002B88F3 /* Base */ = {isa = PBXFileReference; lastKnownFileType = file.storyboard; name = Base; path = Base.lproj/LaunchScreen.storyboard; sourceTree = "<group>"; };
		C8DBAF6F1E603328002B88F3 /* Info.plist */ = {isa = PBXFileReference; lastKnownFileType = text.plist.xml; path = Info.plist; sourceTree = "<group>"; };
		C8DBAF741E603328002B88F3 /* ImageFilterTests.xctest */ = {isa = PBXFileReference; explicitFileType = wrapper.cfbundle; includeInIndex = 0; path = ImageFilterTests.xctest; sourceTree = BUILT_PRODUCTS_DIR; };
		C8DBAF781E603328002B88F3 /* ImageFilterTests.swift */ = {isa = PBXFileReference; lastKnownFileType = sourcecode.swift; path = ImageFilterTests.swift; sourceTree = "<group>"; };
		C8DBAF7A1E603328002B88F3 /* Info.plist */ = {isa = PBXFileReference; lastKnownFileType = text.plist.xml; path = Info.plist; sourceTree = "<group>"; };
/* End PBXFileReference section */

/* Begin PBXFrameworksBuildPhase section */
		C8DBAF5D1E603328002B88F3 /* Frameworks */ = {
			isa = PBXFrameworksBuildPhase;
			buildActionMask = 2147483647;
			files = (
			);
			runOnlyForDeploymentPostprocessing = 0;
		};
		C8DBAF711E603328002B88F3 /* Frameworks */ = {
			isa = PBXFrameworksBuildPhase;
			buildActionMask = 2147483647;
			files = (
			);
			runOnlyForDeploymentPostprocessing = 0;
		};
/* End PBXFrameworksBuildPhase section */

/* Begin PBXGroup section */
		C8DBAF571E603328002B88F3 = {
			isa = PBXGroup;
			children = (
				C8DBAF621E603328002B88F3 /* ImageFilter */,
				C8DBAF771E603328002B88F3 /* ImageFilterTests */,
				C8DBAF611E603328002B88F3 /* Products */,
			);
			sourceTree = "<group>";
		};
		C8DBAF611E603328002B88F3 /* Products */ = {
			isa = PBXGroup;
			children = (
				C8DBAF601E603328002B88F3 /* ImageFilter.app */,
				C8DBAF741E603328002B88F3 /* ImageFilterTests.xctest */,
			);
			name = Products;
			sourceTree = "<group>";
		};
		C8DBAF621E603328002B88F3 /* ImageFilter */ = {
			isa = PBXGroup;
			children = (
				C8DBAF631E603328002B88F3 /* AppDelegate.swift */,
				C8DBAF651E603328002B88F3 /* ViewController.swift */,
				C8DBAF671E603328002B88F3 /* Main.storyboard */,
				C8DBAF6A1E603328002B88F3 /* Assets.xcassets */,
				C8DBAF6C1E603328002B88F3 /* LaunchScreen.storyboard */,
				C8DBAF6F1E603328002B88F3 /* Info.plist */,
			);
			path = ImageFilter;
			sourceTree = "<group>";
		};
		C8DBAF771E603328002B88F3 /* ImageFilterTests */ = {
			isa = PBXGroup;
			children = (
				C8DBAF781E603328002B88F3 /* ImageFilterTests.swift */,
				C8DBAF7A1E603328002B88F3 /* Info.plist */,
			);
			path = ImageFilterTests;
			sourceTree = "<group>";
		};
/* End PBXGroup section */

/* Begin PBXNativeTarget section */
		C8DBAF5F1E603328002B88F3 /* ImageFilter */ = {
			isa = PBXNativeTarget;
			buildConfigurationList = C8DBAF7D1E603328002B88F3 /* Build configuration list for PBXNativeTarget "ImageFilter" */;
			buildPhases = (
				C8DBAF5C1E603328002B88F3 /* Sources */,
				C8DBAF5D1E603328002B88F3 /* Frameworks */,
				C8DBAF5E1E603328002B88F3 /* Resources */,
			);
			buildRules = (
			);
			dependencies = (
			);
			name = ImageFilter;
			productName = ImageFilter;
			productReference = C8DBAF601E603328002B88F3 /* ImageFilter.app */;
			productType = "com.apple.product-type.application";
		};
		C8DBAF731E603328002B88F3 /* ImageFilterTests */ = {
			isa = PBXNativeTarget;
			buildConfigurationList = C8DBAF801E603328002B88F3 /* Build configuration list for PBXNativeTarget "ImageFilterTests" */;
			buildPhases = (
				C8DBAF701E603328002B88F3 /* Sources */,
				C8DBAF711E603328002B88F3 /* Frameworks */,
				C8DBAF721E603328002B88F3 /* Resources */,
			);
			buildRules = (
			);
			dependencies = (
				C8DBAF761E603328002B88F3 /* PBXTargetDependency */,
			);
			name = ImageFilterTests;
			productName = ImageFilterTests;
			productReference = C8DBAF741E603328002B88F3 /* ImageFilterTests.xctest */;
			productType = "com.apple.product-type.bundle.unit-test";
		};
/* End PBXNativeTarget section */

/* Begin PBXProject section */
		C8DBAF581E603328002B88F3 /* Project object */ = {
			isa = PBXProject;
			attributes = {
				LastSwiftUpdateCheck = 0820;
				LastUpgradeCheck = 0820;
				ORGANIZATIONNAME = "Wilson Yuan";
				TargetAttributes = {
					C8DBAF5F1E603328002B88F3 = {
						CreatedOnToolsVersion = 8.2;
						DevelopmentTeam = 7222U544JL;
						ProvisioningStyle = Automatic;
					};
					C8DBAF731E603328002B88F3 = {
						CreatedOnToolsVersion = 8.2;
						DevelopmentTeam = 7222U544JL;
						ProvisioningStyle = Automatic;
						TestTargetID = C8DBAF5F1E603328002B88F3;
					};
				};
			};
			buildConfigurationList = C8DBAF5B1E603328002B88F3 /* Build configuration list for PBXProject "ImageFilter" */;
			compatibilityVersion = "Xcode 3.2";
			developmentRegion = English;
			hasScannedForEncodings = 0;
			knownRegions = (
				en,
				Base,
			);
			mainGroup = C8DBAF571E603328002B88F3;
			productRefGroup = C8DBAF611E603328002B88F3 /* Products */;
			projectDirPath = "";
			projectRoot = "";
			targets = (
				C8DBAF5F1E603328002B88F3 /* ImageFilter */,
				C8DBAF731E603328002B88F3 /* ImageFilterTests */,
			);
		};
/* End PBXProject section */

/* Begin PBXResourcesBuildPhase section */
		C8DBAF5E1E603328002B88F3 /* Resources */ = {
			isa = PBXResourcesBuildPhase;
			buildActionMask = 2147483647;
			files = (
				C8DBAF6E1E603328002B88F3 /* LaunchScreen.storyboard in Resources */,
				C8DBAF6B1E603328002B88F3 /* Assets.xcassets in Resources */,
				C8DBAF691E603328002B88F3 /* Main.storyboard in Resources */,
			);
			runOnlyForDeploymentPostprocessing = 0;
		};
		C8DBAF721E603328002B88F3 /* Resources */ = {
			isa = PBXResourcesBuildPhase;
			buildActionMask = 2147483647;
			files = (
			);
			runOnlyForDeploymentPostprocessing = 0;
		};
/* End PBXResourcesBuildPhase section */

/* Begin PBXSourcesBuildPhase section */
		C8DBAF5C1E603328002B88F3 /* Sources */ = {
			isa = PBXSourcesBuildPhase;
			buildActionMask = 2147483647;
			files = (
				C8DBAF661E603328002B88F3 /* ViewController.swift in Sources */,
				C8DBAF641E603328002B88F3 /* AppDelegate.swift in Sources */,
			);
			runOnlyForDeploymentPostprocessing = 0;
		};
		C8DBAF701E603328002B88F3 /* Sources */ = {
			isa = PBXSourcesBuildPhase;
			buildActionMask = 2147483647;
			files = (
				C8DBAF791E603328002B88F3 /* ImageFilterTests.swift in Sources */,
			);
			runOnlyForDeploymentPostprocessing = 0;
		};
/* End PBXSourcesBuildPhase section */

/* Begin PBXTargetDependency section */
		C8DBAF761E603328002B88F3 /* PBXTargetDependency */ = {
			isa = PBXTargetDependency;
			target = C8DBAF5F1E603328002B88F3 /* ImageFilter */;
			targetProxy = C8DBAF751E603328002B88F3 /* PBXContainerItemProxy */;
		};
/* End PBXTargetDependency section */

/* Begin PBXVariantGroup section */
		C8DBAF671E603328002B88F3 /* Main.storyboard */ = {
			isa = PBXVariantGroup;
			children = (
				C8DBAF681E603328002B88F3 /* Base */,
			);
			name = Main.storyboard;
			sourceTree = "<group>";
		};
		C8DBAF6C1E603328002B88F3 /* LaunchScreen.storyboard */ = {
			isa = PBXVariantGroup;
			children = (
				C8DBAF6D1E603328002B88F3 /* Base */,
			);
			name = LaunchScreen.storyboard;
			sourceTree = "<group>";
		};
/* End PBXVariantGroup section */

/* Begin XCBuildConfiguration section */
		C8DBAF7B1E603328002B88F3 /* Debug */ = {
			isa = XCBuildConfiguration;
			buildSettings = {
				ALWAYS_SEARCH_USER_PATHS = NO;
				CLANG_ANALYZER_NONNULL = YES;
				CLANG_CXX_LANGUAGE_STANDARD = "gnu++0x";
				CLANG_CXX_LIBRARY = "libc++";
				CLANG_ENABLE_MODULES = YES;
				CLANG_ENABLE_OBJC_ARC = YES;
				CLANG_WARN_BOOL_CONVERSION = YES;
				CLANG_WARN_CONSTANT_CONVERSION = YES;
				CLANG_WARN_DIRECT_OBJC_ISA_USAGE = YES_ERROR;
				CLANG_WARN_DOCUMENTATION_COMMENTS = YES;
				CLANG_WARN_EMPTY_BODY = YES;
				CLANG_WARN_ENUM_CONVERSION = YES;
				CLANG_WARN_INFINITE_RECURSION = YES;
				CLANG_WARN_INT_CONVERSION = YES;
				CLANG_WARN_OBJC_ROOT_CLASS = YES_ERROR;
				CLANG_WARN_SUSPICIOUS_MOVE = YES;
				CLANG_WARN_UNREACHABLE_CODE = YES;
				CLANG_WARN__DUPLICATE_METHOD_MATCH = YES;
				"CODE_SIGN_IDENTITY[sdk=iphoneos*]" = "iPhone Developer";
				COPY_PHASE_STRIP = NO;
				DEBUG_INFORMATION_FORMAT = dwarf;
				ENABLE_STRICT_OBJC_MSGSEND = YES;
				ENABLE_TESTABILITY = YES;
				GCC_C_LANGUAGE_STANDARD = gnu99;
				GCC_DYNAMIC_NO_PIC = NO;
				GCC_NO_COMMON_BLOCKS = YES;
				GCC_OPTIMIZATION_LEVEL = 0;
				GCC_PREPROCESSOR_DEFINITIONS = (
					"DEBUG=1",
					"$(inherited)",
				);
				GCC_WARN_64_TO_32_BIT_CONVERSION = YES;
				GCC_WARN_ABOUT_RETURN_TYPE = YES_ERROR;
				GCC_WARN_UNDECLARED_SELECTOR = YES;
				GCC_WARN_UNINITIALIZED_AUTOS = YES_AGGRESSIVE;
				GCC_WARN_UNUSED_FUNCTION = YES;
				GCC_WARN_UNUSED_VARIABLE = YES;
				IPHONEOS_DEPLOYMENT_TARGET = 10.2;
				MTL_ENABLE_DEBUG_INFO = YES;
				ONLY_ACTIVE_ARCH = YES;
				SDKROOT = iphoneos;
				SWIFT_ACTIVE_COMPILATION_CONDITIONS = DEBUG;
				SWIFT_OPTIMIZATION_LEVEL = "-Onone";
			};
			name = Debug;
		};
		C8DBAF7C1E603328002B88F3 /* Release */ = {
			isa = XCBuildConfiguration;
			buildSettings = {
				ALWAYS_SEARCH_USER_PATHS = NO;
				CLANG_ANALYZER_NONNULL = YES;
				CLANG_CXX_LANGUAGE_STANDARD = "gnu++0x";
				CLANG_CXX_LIBRARY = "libc++";
				CLANG_ENABLE_MODULES = YES;
				CLANG_ENABLE_OBJC_ARC = YES;
				CLANG_WARN_BOOL_CONVERSION = YES;
				CLANG_WARN_CONSTANT_CONVERSION = YES;
				CLANG_WARN_DIRECT_OBJC_ISA_USAGE = YES_ERROR;
				CLANG_WARN_DOCUMENTATION_COMMENTS = YES;
				CLANG_WARN_EMPTY_BODY = YES;
				CLANG_WARN_ENUM_CONVERSION = YES;
				CLANG_WARN_INFINITE_RECURSION = YES;
				CLANG_WARN_INT_CONVERSION = YES;
				CLANG_WARN_OBJC_ROOT_CLASS = YES_ERROR;
				CLANG_WARN_SUSPICIOUS_MOVE = YES;
				CLANG_WARN_UNREACHABLE_CODE = YES;
				CLANG_WARN__DUPLICATE_METHOD_MATCH = YES;
				"CODE_SIGN_IDENTITY[sdk=iphoneos*]" = "iPhone Developer";
				COPY_PHASE_STRIP = NO;
				DEBUG_INFORMATION_FORMAT = "dwarf-with-dsym";
				ENABLE_NS_ASSERTIONS = NO;
				ENABLE_STRICT_OBJC_MSGSEND = YES;
				GCC_C_LANGUAGE_STANDARD = gnu99;
				GCC_NO_COMMON_BLOCKS = YES;
				GCC_WARN_64_TO_32_BIT_CONVERSION = YES;
				GCC_WARN_ABOUT_RETURN_TYPE = YES_ERROR;
				GCC_WARN_UNDECLARED_SELECTOR = YES;
				GCC_WARN_UNINITIALIZED_AUTOS = YES_AGGRESSIVE;
				GCC_WARN_UNUSED_FUNCTION = YES;
				GCC_WARN_UNUSED_VARIABLE = YES;
				IPHONEOS_DEPLOYMENT_TARGET = 10.2;
				MTL_ENABLE_DEBUG_INFO = NO;
				SDKROOT = iphoneos;
				SWIFT_OPTIMIZATION_LEVEL = "-Owholemodule";
				VALIDATE_PRODUCT = YES;
			};
			name = Release;
		};
		C8DBAF7E1E603328002B88F3 /* Debug */ = {
			isa = XCBuildConfiguration;
			buildSettings = {
				ASSETCATALOG_COMPILER_APPICON_NAME = AppIcon;
				DEVELOPMENT_TEAM = 7222U544JL;
				INFOPLIST_FILE = ImageFilter/Info.plist;
				LD_RUNPATH_SEARCH_PATHS = "$(inherited) @executable_path/Frameworks";
				PRODUCT_BUNDLE_IDENTIFIER = com.nihao..ImageFilter;
				PRODUCT_NAME = "$(TARGET_NAME)";
				SWIFT_VERSION = 3.0;
			};
			name = Debug;
		};
		C8DBAF7F1E603328002B88F3 /* Release */ = {
			isa = XCBuildConfiguration;
			buildSettings = {
				ASSETCATALOG_COMPILER_APPICON_NAME = AppIcon;
				DEVELOPMENT_TEAM = 7222U544JL;
				INFOPLIST_FILE = ImageFilter/Info.plist;
				LD_RUNPATH_SEARCH_PATHS = "$(inherited) @executable_path/Frameworks";
				PRODUCT_BUNDLE_IDENTIFIER = com.nihao..ImageFilter;
				PRODUCT_NAME = "$(TARGET_NAME)";
				SWIFT_VERSION = 3.0;
			};
			name = Release;
		};
		C8DBAF811E603328002B88F3 /* Debug */ = {
			isa = XCBuildConfiguration;
			buildSettings = {
				ALWAYS_EMBED_SWIFT_STANDARD_LIBRARIES = YES;
				BUNDLE_LOADER = "$(TEST_HOST)";
				DEVELOPMENT_TEAM = 7222U544JL;
				INFOPLIST_FILE = ImageFilterTests/Info.plist;
				LD_RUNPATH_SEARCH_PATHS = "$(inherited) @executable_path/Frameworks @loader_path/Frameworks";
				PRODUCT_BUNDLE_IDENTIFIER = com.nihao..ImageFilterTests;
				PRODUCT_NAME = "$(TARGET_NAME)";
				SWIFT_VERSION = 3.0;
				TEST_HOST = "$(BUILT_PRODUCTS_DIR)/ImageFilter.app/ImageFilter";
			};
			name = Debug;
		};
		C8DBAF821E603328002B88F3 /* Release */ = {
			isa = XCBuildConfiguration;
			buildSettings = {
				ALWAYS_EMBED_SWIFT_STANDARD_LIBRARIES = YES;
				BUNDLE_LOADER = "$(TEST_HOST)";
				DEVELOPMENT_TEAM = 7222U544JL;
				INFOPLIST_FILE = ImageFilterTests/Info.plist;
				LD_RUNPATH_SEARCH_PATHS = "$(inherited) @executable_path/Frameworks @loader_path/Frameworks";
				PRODUCT_BUNDLE_IDENTIFIER = com.nihao..ImageFilterTests;
				PRODUCT_NAME = "$(TARGET_NAME)";
				SWIFT_VERSION = 3.0;
				TEST_HOST = "$(BUILT_PRODUCTS_DIR)/ImageFilter.app/ImageFilter";
			};
			name = Release;
		};
/* End XCBuildConfiguration section */

/* Begin XCConfigurationList section */
		C8DBAF5B1E603328002B88F3 /* Build configuration list for PBXProject "ImageFilter" */ = {
			isa = XCConfigurationList;
			buildConfigurations = (
				C8DBAF7B1E603328002B88F3 /* Debug */,
				C8DBAF7C1E603328002B88F3 /* Release */,
			);
			defaultConfigurationIsVisible = 0;
			defaultConfigurationName = Release;
		};
		C8DBAF7D1E603328002B88F3 /* Build configuration list for PBXNativeTarget "ImageFilter" */ = {
			isa = XCConfigurationList;
			buildConfigurations = (
				C8DBAF7E1E603328002B88F3 /* Debug */,
				C8DBAF7F1E603328002B88F3 /* Release */,
			);
			defaultConfigurationIsVisible = 0;
		};
		C8DBAF801E603328002B88F3 /* Build configuration list for PBXNativeTarget "ImageFilterTests" */ = {
			isa = XCConfigurationList;
			buildConfigurations = (
				C8DBAF811E603328002B88F3 /* Debug */,
				C8DBAF821E603328002B88F3 /* Release */,
			);
			defaultConfigurationIsVisible = 0;
		};
/* End XCConfigurationList section */
	};
	rootObject = C8DBAF581E603328002B88F3 /* Project object */;
}
